// !$*UTF8*$!
{
	archiveVersion = 1;
	classes = {
	};
	objectVersion = 56;
	objects = {

/* Begin PBXBuildFile section */
		5D53334E2C269CCA00CEB435 /* CICDDemoTests.swift in Sources */ = {isa = PBXBuildFile; fileRef = 5D53334D2C269CCA00CEB435 /* CICDDemoTests.swift */; };
		5DB302C62C269BB600136AF8 /* AppDelegate.swift in Sources */ = {isa = PBXBuildFile; fileRef = 5DB302C52C269BB600136AF8 /* AppDelegate.swift */; };
		5DB302C82C269BB600136AF8 /* SceneDelegate.swift in Sources */ = {isa = PBXBuildFile; fileRef = 5DB302C72C269BB600136AF8 /* SceneDelegate.swift */; };
		5DB302CA2C269BB600136AF8 /* ViewController.swift in Sources */ = {isa = PBXBuildFile; fileRef = 5DB302C92C269BB600136AF8 /* ViewController.swift */; };
		5DB302CD2C269BB600136AF8 /* Main.storyboard in Resources */ = {isa = PBXBuildFile; fileRef = 5DB302CB2C269BB600136AF8 /* Main.storyboard */; };
		5DB302CF2C269BB700136AF8 /* Assets.xcassets in Resources */ = {isa = PBXBuildFile; fileRef = 5DB302CE2C269BB700136AF8 /* Assets.xcassets */; };
		5DB302D22C269BB700136AF8 /* LaunchScreen.storyboard in Resources */ = {isa = PBXBuildFile; fileRef = 5DB302D02C269BB700136AF8 /* LaunchScreen.storyboard */; };
/* End PBXBuildFile section */

/* Begin PBXContainerItemProxy section */
		5D53334F2C269CCA00CEB435 /* PBXContainerItemProxy */ = {
			isa = PBXContainerItemProxy;
			containerPortal = 5DB302BA2C269BB600136AF8 /* Project object */;
			proxyType = 1;
			remoteGlobalIDString = 5DB302C12C269BB600136AF8;
			remoteInfo = CICDDemo;
		};
/* End PBXContainerItemProxy section */

/* Begin PBXFileReference section */
		5D53334B2C269CCA00CEB435 /* CICDDemoTests.xctest */ = {isa = PBXFileReference; explicitFileType = wrapper.cfbundle; includeInIndex = 0; path = CICDDemoTests.xctest; sourceTree = BUILT_PRODUCTS_DIR; };
		5D53334D2C269CCA00CEB435 /* CICDDemoTests.swift */ = {isa = PBXFileReference; lastKnownFileType = sourcecode.swift; path = CICDDemoTests.swift; sourceTree = "<group>"; };
		5DB302C22C269BB600136AF8 /* CICDDemo.app */ = {isa = PBXFileReference; explicitFileType = wrapper.application; includeInIndex = 0; path = CICDDemo.app; sourceTree = BUILT_PRODUCTS_DIR; };
		5DB302C52C269BB600136AF8 /* AppDelegate.swift */ = {isa = PBXFileReference; lastKnownFileType = sourcecode.swift; path = AppDelegate.swift; sourceTree = "<group>"; };
		5DB302C72C269BB600136AF8 /* SceneDelegate.swift */ = {isa = PBXFileReference; lastKnownFileType = sourcecode.swift; path = SceneDelegate.swift; sourceTree = "<group>"; };
		5DB302C92C269BB600136AF8 /* ViewController.swift */ = {isa = PBXFileReference; lastKnownFileType = sourcecode.swift; path = ViewController.swift; sourceTree = "<group>"; };
		5DB302CC2C269BB600136AF8 /* Base */ = {isa = PBXFileReference; lastKnownFileType = file.storyboard; name = Base; path = Base.lproj/Main.storyboard; sourceTree = "<group>"; };
		5DB302CE2C269BB700136AF8 /* Assets.xcassets */ = {isa = PBXFileReference; lastKnownFileType = folder.assetcatalog; path = Assets.xcassets; sourceTree = "<group>"; };
		5DB302D12C269BB700136AF8 /* Base */ = {isa = PBXFileReference; lastKnownFileType = file.storyboard; name = Base; path = Base.lproj/LaunchScreen.storyboard; sourceTree = "<group>"; };
		5DB302D32C269BB700136AF8 /* Info.plist */ = {isa = PBXFileReference; lastKnownFileType = text.plist.xml; path = Info.plist; sourceTree = "<group>"; };
/* End PBXFileReference section */

/* Begin PBXFrameworksBuildPhase section */
		5D5333482C269CCA00CEB435 /* Frameworks */ = {
			isa = PBXFrameworksBuildPhase;
			buildActionMask = 2147483647;
			files = (
			);
			runOnlyForDeploymentPostprocessing = 0;
		};
		5DB302BF2C269BB600136AF8 /* Frameworks */ = {
			isa = PBXFrameworksBuildPhase;
			buildActionMask = 2147483647;
			files = (
			);
			runOnlyForDeploymentPostprocessing = 0;
		};
/* End PBXFrameworksBuildPhase section */

/* Begin PBXGroup section */
		5D53334C2C269CCA00CEB435 /* CICDDemoTests */ = {
			isa = PBXGroup;
			children = (
				5D53334D2C269CCA00CEB435 /* CICDDemoTests.swift */,
			);
			path = CICDDemoTests;
			sourceTree = "<group>";
		};
		5DB302B92C269BB600136AF8 = {
			isa = PBXGroup;
			children = (
				5DB302C42C269BB600136AF8 /* CICDDemo */,
				5D53334C2C269CCA00CEB435 /* CICDDemoTests */,
				5DB302C32C269BB600136AF8 /* Products */,
			);
			sourceTree = "<group>";
		};
		5DB302C32C269BB600136AF8 /* Products */ = {
			isa = PBXGroup;
			children = (
				5DB302C22C269BB600136AF8 /* CICDDemo.app */,
				5D53334B2C269CCA00CEB435 /* CICDDemoTests.xctest */,
			);
			name = Products;
			sourceTree = "<group>";
		};
		5DB302C42C269BB600136AF8 /* CICDDemo */ = {
			isa = PBXGroup;
			children = (
				5DB302C52C269BB600136AF8 /* AppDelegate.swift */,
				5DB302C72C269BB600136AF8 /* SceneDelegate.swift */,
				5DB302C92C269BB600136AF8 /* ViewController.swift */,
				5DB302CB2C269BB600136AF8 /* Main.storyboard */,
				5DB302CE2C269BB700136AF8 /* Assets.xcassets */,
				5DB302D02C269BB700136AF8 /* LaunchScreen.storyboard */,
				5DB302D32C269BB700136AF8 /* Info.plist */,
			);
			path = CICDDemo;
			sourceTree = "<group>";
		};
/* End PBXGroup section */

/* Begin PBXNativeTarget section */
		5D53334A2C269CCA00CEB435 /* CICDDemoTests */ = {
			isa = PBXNativeTarget;
			buildConfigurationList = 5D5333532C269CCA00CEB435 /* Build configuration list for PBXNativeTarget "CICDDemoTests" */;
			buildPhases = (
				5D5333472C269CCA00CEB435 /* Sources */,
				5D5333482C269CCA00CEB435 /* Frameworks */,
				5D5333492C269CCA00CEB435 /* Resources */,
			);
			buildRules = (
			);
			dependencies = (
				5D5333502C269CCA00CEB435 /* PBXTargetDependency */,
			);
			name = CICDDemoTests;
			productName = CICDDemoTests;
			productReference = 5D53334B2C269CCA00CEB435 /* CICDDemoTests.xctest */;
			productType = "com.apple.product-type.bundle.unit-test";
		};
		5DB302C12C269BB600136AF8 /* CICDDemo */ = {
			isa = PBXNativeTarget;
			buildConfigurationList = 5DB302D62C269BB700136AF8 /* Build configuration list for PBXNativeTarget "CICDDemo" */;
			buildPhases = (
				5DB302BE2C269BB600136AF8 /* Sources */,
				5DB302BF2C269BB600136AF8 /* Frameworks */,
				5DB302C02C269BB600136AF8 /* Resources */,
			);
			buildRules = (
			);
			dependencies = (
			);
			name = CICDDemo;
			productName = CICDDemo;
			productReference = 5DB302C22C269BB600136AF8 /* CICDDemo.app */;
			productType = "com.apple.product-type.application";
		};
/* End PBXNativeTarget section */

/* Begin PBXProject section */
		5DB302BA2C269BB600136AF8 /* Project object */ = {
			isa = PBXProject;
			attributes = {
				BuildIndependentTargetsInParallel = 1;
				LastSwiftUpdateCheck = 1520;
				LastUpgradeCheck = 1520;
				TargetAttributes = {
					5D53334A2C269CCA00CEB435 = {
						CreatedOnToolsVersion = 15.2;
						TestTargetID = 5DB302C12C269BB600136AF8;
					};
					5DB302C12C269BB600136AF8 = {
						CreatedOnToolsVersion = 15.2;
					};
				};
			};
			buildConfigurationList = 5DB302BD2C269BB600136AF8 /* Build configuration list for PBXProject "CICDDemo" */;
			compatibilityVersion = "Xcode 14.0";
			developmentRegion = en;
			hasScannedForEncodings = 0;
			knownRegions = (
				en,
				Base,
			);
			mainGroup = 5DB302B92C269BB600136AF8;
			productRefGroup = 5DB302C32C269BB600136AF8 /* Products */;
			projectDirPath = "";
			projectRoot = "";
			targets = (
				5DB302C12C269BB600136AF8 /* CICDDemo */,
				5D53334A2C269CCA00CEB435 /* CICDDemoTests */,
			);
		};
/* End PBXProject section */

/* Begin PBXResourcesBuildPhase section */
		5D5333492C269CCA00CEB435 /* Resources */ = {
			isa = PBXResourcesBuildPhase;
			buildActionMask = 2147483647;
			files = (
			);
			runOnlyForDeploymentPostprocessing = 0;
		};
		5DB302C02C269BB600136AF8 /* Resources */ = {
			isa = PBXResourcesBuildPhase;
			buildActionMask = 2147483647;
			files = (
				5DB302D22C269BB700136AF8 /* LaunchScreen.storyboard in Resources */,
				5DB302CF2C269BB700136AF8 /* Assets.xcassets in Resources */,
				5DB302CD2C269BB600136AF8 /* Main.storyboard in Resources */,
			);
			runOnlyForDeploymentPostprocessing = 0;
		};
/* End PBXResourcesBuildPhase section */

/* Begin PBXSourcesBuildPhase section */
		5D5333472C269CCA00CEB435 /* Sources */ = {
			isa = PBXSourcesBuildPhase;
			buildActionMask = 2147483647;
			files = (
				5D53334E2C269CCA00CEB435 /* CICDDemoTests.swift in Sources */,
			);
			runOnlyForDeploymentPostprocessing = 0;
		};
		5DB302BE2C269BB600136AF8 /* Sources */ = {
			isa = PBXSourcesBuildPhase;
			buildActionMask = 2147483647;
			files = (
				5DB302CA2C269BB600136AF8 /* ViewController.swift in Sources */,
				5DB302C62C269BB600136AF8 /* AppDelegate.swift in Sources */,
				5DB302C82C269BB600136AF8 /* SceneDelegate.swift in Sources */,
			);
			runOnlyForDeploymentPostprocessing = 0;
		};
/* End PBXSourcesBuildPhase section */

/* Begin PBXTargetDependency section */
		5D5333502C269CCA00CEB435 /* PBXTargetDependency */ = {
			isa = PBXTargetDependency;
			target = 5DB302C12C269BB600136AF8 /* CICDDemo */;
			targetProxy = 5D53334F2C269CCA00CEB435 /* PBXContainerItemProxy */;
		};
/* End PBXTargetDependency section */

/* Begin PBXVariantGroup section */
		5DB302CB2C269BB600136AF8 /* Main.storyboard */ = {
			isa = PBXVariantGroup;
			children = (
				5DB302CC2C269BB600136AF8 /* Base */,
			);
			name = Main.storyboard;
			sourceTree = "<group>";
		};
		5DB302D02C269BB700136AF8 /* LaunchScreen.storyboard */ = {
			isa = PBXVariantGroup;
			children = (
				5DB302D12C269BB700136AF8 /* Base */,
			);
			name = LaunchScreen.storyboard;
			sourceTree = "<group>";
		};
/* End PBXVariantGroup section */

/* Begin XCBuildConfiguration section */
		5D5333512C269CCA00CEB435 /* Debug */ = {
			isa = XCBuildConfiguration;
			buildSettings = {
				BUNDLE_LOADER = "$(TEST_HOST)";
				CODE_SIGN_STYLE = Automatic;
				CURRENT_PROJECT_VERSION = 1;
				GENERATE_INFOPLIST_FILE = YES;
				MARKETING_VERSION = 1.0;
				PRODUCT_BUNDLE_IDENTIFIER = ads.CICDDemoTests;
				PRODUCT_NAME = "$(TARGET_NAME)";
				SWIFT_EMIT_LOC_STRINGS = NO;
				SWIFT_VERSION = 5.0;
				TARGETED_DEVICE_FAMILY = "1,2";
				TEST_HOST = "$(BUILT_PRODUCTS_DIR)/CICDDemo.app/$(BUNDLE_EXECUTABLE_FOLDER_PATH)/CICDDemo";
			};
			name = Debug;
		};
		5D5333522C269CCA00CEB435 /* Release */ = {
			isa = XCBuildConfiguration;
			buildSettings = {
				BUNDLE_LOADER = "$(TEST_HOST)";
				CODE_SIGN_STYLE = Automatic;
				CURRENT_PROJECT_VERSION = 1;
				GENERATE_INFOPLIST_FILE = YES;
				MARKETING_VERSION = 1.0;
				PRODUCT_BUNDLE_IDENTIFIER = ads.CICDDemoTests;
				PRODUCT_NAME = "$(TARGET_NAME)";
				SWIFT_EMIT_LOC_STRINGS = NO;
				SWIFT_VERSION = 5.0;
				TARGETED_DEVICE_FAMILY = "1,2";
				TEST_HOST = "$(BUILT_PRODUCTS_DIR)/CICDDemo.app/$(BUNDLE_EXECUTABLE_FOLDER_PATH)/CICDDemo";
			};
			name = Release;
		};
		5DB302D42C269BB700136AF8 /* Debug */ = {
			isa = XCBuildConfiguration;
			buildSettings = {
				ALWAYS_SEARCH_USER_PATHS = NO;
				ASSETCATALOG_COMPILER_GENERATE_SWIFT_ASSET_SYMBOL_EXTENSIONS = YES;
				CLANG_ANALYZER_NONNULL = YES;
				CLANG_ANALYZER_NUMBER_OBJECT_CONVERSION = YES_AGGRESSIVE;
				CLANG_CXX_LANGUAGE_STANDARD = "gnu++20";
				CLANG_ENABLE_MODULES = YES;
				CLANG_ENABLE_OBJC_ARC = YES;
				CLANG_ENABLE_OBJC_WEAK = YES;
				CLANG_WARN_BLOCK_CAPTURE_AUTORELEASING = YES;
				CLANG_WARN_BOOL_CONVERSION = YES;
				CLANG_WARN_COMMA = YES;
				CLANG_WARN_CONSTANT_CONVERSION = YES;
				CLANG_WARN_DEPRECATED_OBJC_IMPLEMENTATIONS = YES;
				CLANG_WARN_DIRECT_OBJC_ISA_USAGE = YES_ERROR;
				CLANG_WARN_DOCUMENTATION_COMMENTS = YES;
				CLANG_WARN_EMPTY_BODY = YES;
				CLANG_WARN_ENUM_CONVERSION = YES;
				CLANG_WARN_INFINITE_RECURSION = YES;
				CLANG_WARN_INT_CONVERSION = YES;
				CLANG_WARN_NON_LITERAL_NULL_CONVERSION = YES;
				CLANG_WARN_OBJC_IMPLICIT_RETAIN_SELF = YES;
				CLANG_WARN_OBJC_LITERAL_CONVERSION = YES;
				CLANG_WARN_OBJC_ROOT_CLASS = YES_ERROR;
				CLANG_WARN_QUOTED_INCLUDE_IN_FRAMEWORK_HEADER = YES;
				CLANG_WARN_RANGE_LOOP_ANALYSIS = YES;
				CLANG_WARN_STRICT_PROTOTYPES = YES;
				CLANG_WARN_SUSPICIOUS_MOVE = YES;
				CLANG_WARN_UNGUARDED_AVAILABILITY = YES_AGGRESSIVE;
				CLANG_WARN_UNREACHABLE_CODE = YES;
				CLANG_WARN__DUPLICATE_METHOD_MATCH = YES;
				COPY_PHASE_STRIP = NO;
				DEBUG_INFORMATION_FORMAT = dwarf;
				ENABLE_STRICT_OBJC_MSGSEND = YES;
				ENABLE_TESTABILITY = YES;
				ENABLE_USER_SCRIPT_SANDBOXING = YES;
				GCC_C_LANGUAGE_STANDARD = gnu17;
				GCC_DYNAMIC_NO_PIC = NO;
				GCC_NO_COMMON_BLOCKS = YES;
				GCC_OPTIMIZATION_LEVEL = 0;
				GCC_PREPROCESSOR_DEFINITIONS = (
					"DEBUG=1",
					"$(inherited)",
				);
				GCC_WARN_64_TO_32_BIT_CONVERSION = YES;
				GCC_WARN_ABOUT_RETURN_TYPE = YES_ERROR;
				GCC_WARN_UNDECLARED_SELECTOR = YES;
				GCC_WARN_UNINITIALIZED_AUTOS = YES_AGGRESSIVE;
				GCC_WARN_UNUSED_FUNCTION = YES;
				GCC_WARN_UNUSED_VARIABLE = YES;
				IPHONEOS_DEPLOYMENT_TARGET = 17.2;
				LOCALIZATION_PREFERS_STRING_CATALOGS = YES;
				MTL_ENABLE_DEBUG_INFO = INCLUDE_SOURCE;
				MTL_FAST_MATH = YES;
				ONLY_ACTIVE_ARCH = YES;
				SDKROOT = iphoneos;
				SWIFT_ACTIVE_COMPILATION_CONDITIONS = "DEBUG $(inherited)";
				SWIFT_OPTIMIZATION_LEVEL = "-Onone";
			};
			name = Debug;
		};
		5DB302D52C269BB700136AF8 /* Release */ = {
			isa = XCBuildConfiguration;
			buildSettings = {
				ALWAYS_SEARCH_USER_PATHS = NO;
				ASSETCATALOG_COMPILER_GENERATE_SWIFT_ASSET_SYMBOL_EXTENSIONS = YES;
				CLANG_ANALYZER_NONNULL = YES;
				CLANG_ANALYZER_NUMBER_OBJECT_CONVERSION = YES_AGGRESSIVE;
				CLANG_CXX_LANGUAGE_STANDARD = "gnu++20";
				CLANG_ENABLE_MODULES = YES;
				CLANG_ENABLE_OBJC_ARC = YES;
				CLANG_ENABLE_OBJC_WEAK = YES;
				CLANG_WARN_BLOCK_CAPTURE_AUTORELEASING = YES;
				CLANG_WARN_BOOL_CONVERSION = YES;
				CLANG_WARN_COMMA = YES;
				CLANG_WARN_CONSTANT_CONVERSION = YES;
				CLANG_WARN_DEPRECATED_OBJC_IMPLEMENTATIONS = YES;
				CLANG_WARN_DIRECT_OBJC_ISA_USAGE = YES_ERROR;
				CLANG_WARN_DOCUMENTATION_COMMENTS = YES;
				CLANG_WARN_EMPTY_BODY = YES;
				CLANG_WARN_ENUM_CONVERSION = YES;
				CLANG_WARN_INFINITE_RECURSION = YES;
				CLANG_WARN_INT_CONVERSION = YES;
				CLANG_WARN_NON_LITERAL_NULL_CONVERSION = YES;
				CLANG_WARN_OBJC_IMPLICIT_RETAIN_SELF = YES;
				CLANG_WARN_OBJC_LITERAL_CONVERSION = YES;
				CLANG_WARN_OBJC_ROOT_CLASS = YES_ERROR;
				CLANG_WARN_QUOTED_INCLUDE_IN_FRAMEWORK_HEADER = YES;
				CLANG_WARN_RANGE_LOOP_ANALYSIS = YES;
				CLANG_WARN_STRICT_PROTOTYPES = YES;
				CLANG_WARN_SUSPICIOUS_MOVE = YES;
				CLANG_WARN_UNGUARDED_AVAILABILITY = YES_AGGRESSIVE;
				CLANG_WARN_UNREACHABLE_CODE = YES;
				CLANG_WARN__DUPLICATE_METHOD_MATCH = YES;
				COPY_PHASE_STRIP = NO;
				DEBUG_INFORMATION_FORMAT = "dwarf-with-dsym";
				ENABLE_NS_ASSERTIONS = NO;
				ENABLE_STRICT_OBJC_MSGSEND = YES;
				ENABLE_USER_SCRIPT_SANDBOXING = YES;
				GCC_C_LANGUAGE_STANDARD = gnu17;
				GCC_NO_COMMON_BLOCKS = YES;
				GCC_WARN_64_TO_32_BIT_CONVERSION = YES;
				GCC_WARN_ABOUT_RETURN_TYPE = YES_ERROR;
				GCC_WARN_UNDECLARED_SELECTOR = YES;
				GCC_WARN_UNINITIALIZED_AUTOS = YES_AGGRESSIVE;
				GCC_WARN_UNUSED_FUNCTION = YES;
				GCC_WARN_UNUSED_VARIABLE = YES;
				IPHONEOS_DEPLOYMENT_TARGET = 17.2;
				LOCALIZATION_PREFERS_STRING_CATALOGS = YES;
				MTL_ENABLE_DEBUG_INFO = NO;
				MTL_FAST_MATH = YES;
				SDKROOT = iphoneos;
				SWIFT_COMPILATION_MODE = wholemodule;
				VALIDATE_PRODUCT = YES;
			};
			name = Release;
		};
		5DB302D72C269BB700136AF8 /* Debug */ = {
			isa = XCBuildConfiguration;
			buildSettings = {
				ASSETCATALOG_COMPILER_APPICON_NAME = AppIcon;
				ASSETCATALOG_COMPILER_GLOBAL_ACCENT_COLOR_NAME = AccentColor;
				"CODE_SIGN_IDENTITY[sdk=iphoneos*]" = "iPhone Developer";
				CODE_SIGN_STYLE = Manual;
				CURRENT_PROJECT_VERSION = 1;
				DEVELOPMENT_TEAM = B553YLN78C;
				"DEVELOPMENT_TEAM[sdk=iphoneos*]" = B553YLN78C;
				GENERATE_INFOPLIST_FILE = YES;
				INFOPLIST_FILE = CICDDemo/Info.plist;
				INFOPLIST_KEY_UIApplicationSupportsIndirectInputEvents = YES;
				INFOPLIST_KEY_UILaunchStoryboardName = LaunchScreen;
				INFOPLIST_KEY_UIMainStoryboardFile = Main;
				INFOPLIST_KEY_UISupportedInterfaceOrientations_iPad = "UIInterfaceOrientationPortrait UIInterfaceOrientationPortraitUpsideDown UIInterfaceOrientationLandscapeLeft UIInterfaceOrientationLandscapeRight";
				INFOPLIST_KEY_UISupportedInterfaceOrientations_iPhone = "UIInterfaceOrientationPortrait UIInterfaceOrientationLandscapeLeft UIInterfaceOrientationLandscapeRight";
				LD_RUNPATH_SEARCH_PATHS = (
					"$(inherited)",
					"@executable_path/Frameworks",
				);
				MARKETING_VERSION = 1.0;
				PRODUCT_BUNDLE_IDENTIFIER = www.meditation.live;
				PRODUCT_NAME = "$(TARGET_NAME)";
				PROVISIONING_PROFILE_SPECIFIER = "match Development www.meditation.live";
				"PROVISIONING_PROFILE_SPECIFIER[sdk=iphoneos*]" = "match Development www.meditation.live";
				SWIFT_EMIT_LOC_STRINGS = YES;
				SWIFT_VERSION = 5.0;
				TARGETED_DEVICE_FAMILY = "1,2";
			};
			name = Debug;
		};
		5DB302D82C269BB700136AF8 /* Release */ = {
			isa = XCBuildConfiguration;
			buildSettings = {
				ASSETCATALOG_COMPILER_APPICON_NAME = AppIcon;
				ASSETCATALOG_COMPILER_GLOBAL_ACCENT_COLOR_NAME = AccentColor;
				"CODE_SIGN_IDENTITY[sdk=iphoneos*]" = "iPhone Developer";
				CODE_SIGN_STYLE = Manual;
				CURRENT_PROJECT_VERSION = 1;
				DEVELOPMENT_TEAM = B553YLN78C;
				"DEVELOPMENT_TEAM[sdk=iphoneos*]" = B553YLN78C;
				GENERATE_INFOPLIST_FILE = YES;
				INFOPLIST_FILE = CICDDemo/Info.plist;
				INFOPLIST_KEY_UIApplicationSupportsIndirectInputEvents = YES;
				INFOPLIST_KEY_UILaunchStoryboardName = LaunchScreen;
				INFOPLIST_KEY_UIMainStoryboardFile = Main;
				INFOPLIST_KEY_UISupportedInterfaceOrientations_iPad = "UIInterfaceOrientationPortrait UIInterfaceOrientationPortraitUpsideDown UIInterfaceOrientationLandscapeLeft UIInterfaceOrientationLandscapeRight";
				INFOPLIST_KEY_UISupportedInterfaceOrientations_iPhone = "UIInterfaceOrientationPortrait UIInterfaceOrientationLandscapeLeft UIInterfaceOrientationLandscapeRight";
				LD_RUNPATH_SEARCH_PATHS = (
					"$(inherited)",
					"@executable_path/Frameworks",
				);
				MARKETING_VERSION = 1.0;
				PRODUCT_BUNDLE_IDENTIFIER = www.meditation.live;
				PRODUCT_NAME = "$(TARGET_NAME)";
				PROVISIONING_PROFILE_SPECIFIER = "match Development www.meditation.live";
				"PROVISIONING_PROFILE_SPECIFIER[sdk=iphoneos*]" = "match Development www.meditation.live";
				SWIFT_EMIT_LOC_STRINGS = YES;
				SWIFT_VERSION = 5.0;
				TARGETED_DEVICE_FAMILY = "1,2";
			};
			name = Release;
		};
/* End XCBuildConfiguration section */

/* Begin XCConfigurationList section */
		5D5333532C269CCA00CEB435 /* Build configuration list for PBXNativeTarget "CICDDemoTests" */ = {
			isa = XCConfigurationList;
			buildConfigurations = (
				5D5333512C269CCA00CEB435 /* Debug */,
				5D5333522C269CCA00CEB435 /* Release */,
			);
			defaultConfigurationIsVisible = 0;
			defaultConfigurationName = Release;
		};
		5DB302BD2C269BB600136AF8 /* Build configuration list for PBXProject "CICDDemo" */ = {
			isa = XCConfigurationList;
			buildConfigurations = (
				5DB302D42C269BB700136AF8 /* Debug */,
				5DB302D52C269BB700136AF8 /* Release */,
			);
			defaultConfigurationIsVisible = 0;
			defaultConfigurationName = Release;
		};
		5DB302D62C269BB700136AF8 /* Build configuration list for PBXNativeTarget "CICDDemo" */ = {
			isa = XCConfigurationList;
			buildConfigurations = (
				5DB302D72C269BB700136AF8 /* Debug */,
				5DB302D82C269BB700136AF8 /* Release */,
			);
			defaultConfigurationIsVisible = 0;
			defaultConfigurationName = Release;
		};
/* End XCConfigurationList section */
	};
	rootObject = 5DB302BA2C269BB600136AF8 /* Project object */;
}
